
Microsoft Visual Studio Solution File, Format Version 12.00
# Visual Studio Version 17
VisualStudioVersion = 17.3.32811.315
MinimumVisualStudioVersion = 10.0.40219.1
Project("{FAE04EC0-301F-11D3-BF4B-00C04F79EFBC}") = "MorseCode.Android", "MorseCode.Android\MorseCode.Android.csproj", "{0D1FEE45-5779-4FE9-BE73-C25324FBA94E}"
EndProject
Project("{FAE04EC0-301F-11D3-BF4B-00C04F79EFBC}") = "MorseCode.iOS", "MorseCode.iOS\MorseCode.iOS.csproj", "{69737BF6-A759-4899-9766-7C26511A4A28}"
EndProject
Project("{FAE04EC0-301F-11D3-BF4B-00C04F79EFBC}") = "MorseCode", "MorseCode\MorseCode.csproj", "{D95FAF3E-EE29-4F8D-96A8-B249600B5FDE}"
EndProject
Global
	GlobalSection(SolutionConfigurationPlatforms) = preSolution
		Debug|Any CPU = Debug|Any CPU
		Debug|iPhone = Debug|iPhone
		Debug|iPhoneSimulator = Debug|iPhoneSimulator
		Release|Any CPU = Release|Any CPU
		Release|iPhone = Release|iPhone
		Release|iPhoneSimulator = Release|iPhoneSimulator
	EndGlobalSection
	GlobalSection(ProjectConfigurationPlatforms) = postSolution
		{0D1FEE45-5779-4FE9-BE73-C25324FBA94E}.Debug|Any CPU.ActiveCfg = Debug|Any CPU
		{0D1FEE45-5779-4FE9-BE73-C25324FBA94E}.Debug|Any CPU.Build.0 = Debug|Any CPU
		{0D1FEE45-5779-4FE9-BE73-C25324FBA94E}.Debug|Any CPU.Deploy.0 = Debug|Any CPU
		{0D1FEE45-5779-4FE9-BE73-C25324FBA94E}.Debug|iPhone.ActiveCfg = Debug|Any CPU
		{0D1FEE45-5779-4FE9-BE73-C25324FBA94E}.Debug|iPhone.Build.0 = Debug|Any CPU
		{0D1FEE45-5779-4FE9-BE73-C25324FBA94E}.Debug|iPhone.Deploy.0 = Debug|Any CPU
		{0D1FEE45-5779-4FE9-BE73-C25324FBA94E}.Debug|iPhoneSimulator.ActiveCfg = Debug|Any CPU
		{0D1FEE45-5779-4FE9-BE73-C25324FBA94E}.Debug|iPhoneSimulator.Build.0 = Debug|Any CPU
		{0D1FEE45-5779-4FE9-BE73-C25324FBA94E}.Debug|iPhoneSimulator.Deploy.0 = Debug|Any CPU
		{0D1FEE45-5779-4FE9-BE73-C25324FBA94E}.Release|Any CPU.ActiveCfg = Release|Any CPU
		{0D1FEE45-5779-4FE9-BE73-C25324FBA94E}.Release|Any CPU.Build.0 = Release|Any CPU
		{0D1FEE45-5779-4FE9-BE73-C25324FBA94E}.Release|Any CPU.Deploy.0 = Release|Any CPU
		{0D1FEE45-5779-4FE9-BE73-C25324FBA94E}.Release|iPhone.ActiveCfg = Release|Any CPU
		{0D1FEE45-5779-4FE9-BE73-C25324FBA94E}.Release|iPhone.Build.0 = Release|Any CPU
		{0D1FEE45-5779-4FE9-BE73-C25324FBA94E}.Release|iPhone.Deploy.0 = Release|Any CPU
		{0D1FEE45-5779-4FE9-BE73-C25324FBA94E}.Release|iPhoneSimulator.ActiveCfg = Release|Any CPU
		{0D1FEE45-5779-4FE9-BE73-C25324FBA94E}.Release|iPhoneSimulator.Build.0 = Release|Any CPU
		{0D1FEE45-5779-4FE9-BE73-C25324FBA94E}.Release|iPhoneSimulator.Deploy.0 = Release|Any CPU
		{69737BF6-A759-4899-9766-7C26511A4A28}.Debug|Any CPU.ActiveCfg = Debug|iPhone
		{69737BF6-A759-4899-9766-7C26511A4A28}.Debug|Any CPU.Build.0 = Debug|iPhone
		{69737BF6-A759-4899-9766-7C26511A4A28}.Debug|Any CPU.Deploy.0 = Debug|iPhone
		{69737BF6-A759-4899-9766-7C26511A4A28}.Debug|iPhone.ActiveCfg = Debug|iPhone
		{69737BF6-A759-4899-9766-7C26511A4A28}.Debug|iPhone.Build.0 = Debug|iPhone
		{69737BF6-A759-4899-9766-7C26511A4A28}.Debug|iPhone.Deploy.0 = Debug|iPhone
		{69737BF6-A759-4899-9766-7C26511A4A28}.Debug|iPhoneSimulator.ActiveCfg = Debug|iPhoneSimulator
		{69737BF6-A759-4899-9766-7C26511A4A28}.Debug|iPhoneSimulator.Build.0 = Debug|iPhoneSimulator
		{69737BF6-A759-4899-9766-7C26511A4A28}.Debug|iPhoneSimulator.Deploy.0 = Debug|iPhoneSimulator
		{69737BF6-A759-4899-9766-7C26511A4A28}.Release|Any CPU.ActiveCfg = Release|iPhoneSimulator
		{69737BF6-A759-4899-9766-7C26511A4A28}.Release|Any CPU.Build.0 = Release|iPhoneSimulator
		{69737BF6-A759-4899-9766-7C26511A4A28}.Release|Any CPU.Deploy.0 = Release|iPhoneSimulator
		{69737BF6-A759-4899-9766-7C26511A4A28}.Release|iPhone.ActiveCfg = Release|iPhone
		{69737BF6-A759-4899-9766-7C26511A4A28}.Release|iPhone.Build.0 = Release|iPhone
		{69737BF6-A759-4899-9766-7C26511A4A28}.Release|iPhone.Deploy.0 = Release|iPhone
		{69737BF6-A759-4899-9766-7C26511A4A28}.Release|iPhoneSimulator.ActiveCfg = Release|iPhoneSimulator
		{69737BF6-A759-4899-9766-7C26511A4A28}.Release|iPhoneSimulator.Build.0 = Release|iPhoneSimulator
		{69737BF6-A759-4899-9766-7C26511A4A28}.Release|iPhoneSimulator.Deploy.0 = Release|iPhoneSimulator
		{D95FAF3E-EE29-4F8D-96A8-B249600B5FDE}.Debug|Any CPU.ActiveCfg = Debug|Any CPU
		{D95FAF3E-EE29-4F8D-96A8-B249600B5FDE}.Debug|Any CPU.Build.0 = Debug|Any CPU
		{D95FAF3E-EE29-4F8D-96A8-B249600B5FDE}.Debug|Any CPU.Deploy.0 = Debug|Any CPU
		{D95FAF3E-EE29-4F8D-96A8-B249600B5FDE}.Debug|iPhone.ActiveCfg = Debug|Any CPU
		{D95FAF3E-EE29-4F8D-96A8-B249600B5FDE}.Debug|iPhone.Build.0 = Debug|Any CPU
		{D95FAF3E-EE29-4F8D-96A8-B249600B5FDE}.Debug|iPhone.Deploy.0 = Debug|Any CPU
		{D95FAF3E-EE29-4F8D-96A8-B249600B5FDE}.Debug|iPhoneSimulator.ActiveCfg = Debug|Any CPU
		{D95FAF3E-EE29-4F8D-96A8-B249600B5FDE}.Debug|iPhoneSimulator.Build.0 = Debug|Any CPU
		{D95FAF3E-EE29-4F8D-96A8-B249600B5FDE}.Debug|iPhoneSimulator.Deploy.0 = Debug|Any CPU
		{D95FAF3E-EE29-4F8D-96A8-B249600B5FDE}.Release|Any CPU.ActiveCfg = Release|Any CPU
		{D95FAF3E-EE29-4F8D-96A8-B249600B5FDE}.Release|Any CPU.Build.0 = Release|Any CPU
		{D95FAF3E-EE29-4F8D-96A8-B249600B5FDE}.Release|Any CPU.Deploy.0 = Release|Any CPU
		{D95FAF3E-EE29-4F8D-96A8-B249600B5FDE}.Release|iPhone.ActiveCfg = Release|Any CPU
		{D95FAF3E-EE29-4F8D-96A8-B249600B5FDE}.Release|iPhone.Build.0 = Release|Any CPU
		{D95FAF3E-EE29-4F8D-96A8-B249600B5FDE}.Release|iPhone.Deploy.0 = Release|Any CPU
		{D95FAF3E-EE29-4F8D-96A8-B249600B5FDE}.Release|iPhoneSimulator.ActiveCfg = Release|Any CPU
		{D95FAF3E-EE29-4F8D-96A8-B249600B5FDE}.Release|iPhoneSimulator.Build.0 = Release|Any CPU
		{D95FAF3E-EE29-4F8D-96A8-B249600B5FDE}.Release|iPhoneSimulator.Deploy.0 = Release|Any CPU
	EndGlobalSection
	GlobalSection(SolutionProperties) = preSolution
		HideSolutionNode = FALSE
	EndGlobalSection
	GlobalSection(ExtensibilityGlobals) = postSolution
		SolutionGuid = {9C47F449-D2D7-4C37-9C34-927EAA9A278D}
	EndGlobalSection
EndGlobal
